
Microsoft Visual Studio Solution File, Format Version 12.00
# Visual Studio 15
VisualStudioVersion = 15.0.28307.645
MinimumVisualStudioVersion = 10.0.40219.1
Project("{FAE04EC0-301F-11D3-BF4B-00C04F79EFBC}") = "Gamarritav2.Android", "Gamarritav2\Gamarritav2.Android\Gamarritav2.Android.csproj", "{2ECE66AF-1595-4D5F-BC49-3AAC575C4BE4}"
EndProject
Project("{FAE04EC0-301F-11D3-BF4B-00C04F79EFBC}") = "Gamarritav2.iOS", "Gamarritav2\Gamarritav2.iOS\Gamarritav2.iOS.csproj", "{74FB857B-3D65-433F-8445-BFF141BAB6AD}"
EndProject
Project("{FAE04EC0-301F-11D3-BF4B-00C04F79EFBC}") = "Gamarritav2.UWP", "Gamarritav2\Gamarritav2.UWP\Gamarritav2.UWP.csproj", "{17E11319-265A-4D4A-837D-5439A6460233}"
EndProject
Project("{FAE04EC0-301F-11D3-BF4B-00C04F79EFBC}") = "Gamarritav2", "Gamarritav2\Gamarritav2\Gamarritav2.csproj", "{04A96D77-C719-4429-9D03-F3EC34D04137}"
EndProject
Project("{FAE04EC0-301F-11D3-BF4B-00C04F79EFBC}") = "Gamarritav2.Backend", "Gamarritav2.Backend\Gamarritav2.Backend.csproj", "{423F5EBD-41BA-4EAD-8123-4D00191DC433}"
EndProject
Project("{FAE04EC0-301F-11D3-BF4B-00C04F79EFBC}") = "Gamarritav2.API", "Gamarritav2.API\Gamarritav2.API.csproj", "{B6330FFD-F1A3-453C-A9EE-C6D01774E1F9}"
EndProject
Project("{FAE04EC0-301F-11D3-BF4B-00C04F79EFBC}") = "Gamarritav2.Domain", "Gamarritav2.Domain\Gamarritav2.Domain.csproj", "{6E136A86-D6F6-41BB-B8E2-B7718ADFE06B}"
EndProject
Project("{FAE04EC0-301F-11D3-BF4B-00C04F79EFBC}") = "Gamarritav2.Common", "Gamarritav2.Common\Gamarritav2.Common.csproj", "{D9D8B3DE-4FED-4C2B-92FE-A28C182CD950}"
EndProject
Global
	GlobalSection(SolutionConfigurationPlatforms) = preSolution
		Ad-Hoc|Any CPU = Ad-Hoc|Any CPU
		Ad-Hoc|ARM = Ad-Hoc|ARM
		Ad-Hoc|iPhone = Ad-Hoc|iPhone
		Ad-Hoc|iPhoneSimulator = Ad-Hoc|iPhoneSimulator
		Ad-Hoc|x64 = Ad-Hoc|x64
		Ad-Hoc|x86 = Ad-Hoc|x86
		AppStore|Any CPU = AppStore|Any CPU
		AppStore|ARM = AppStore|ARM
		AppStore|iPhone = AppStore|iPhone
		AppStore|iPhoneSimulator = AppStore|iPhoneSimulator
		AppStore|x64 = AppStore|x64
		AppStore|x86 = AppStore|x86
		Debug|Any CPU = Debug|Any CPU
		Debug|ARM = Debug|ARM
		Debug|iPhone = Debug|iPhone
		Debug|iPhoneSimulator = Debug|iPhoneSimulator
		Debug|x64 = Debug|x64
		Debug|x86 = Debug|x86
		Release|Any CPU = Release|Any CPU
		Release|ARM = Release|ARM
		Release|iPhone = Release|iPhone
		Release|iPhoneSimulator = Release|iPhoneSimulator
		Release|x64 = Release|x64
		Release|x86 = Release|x86
	EndGlobalSection
	GlobalSection(ProjectConfigurationPlatforms) = postSolution
		{2ECE66AF-1595-4D5F-BC49-3AAC575C4BE4}.Ad-Hoc|Any CPU.ActiveCfg = Release|Any CPU
		{2ECE66AF-1595-4D5F-BC49-3AAC575C4BE4}.Ad-Hoc|Any CPU.Build.0 = Release|Any CPU
		{2ECE66AF-1595-4D5F-BC49-3AAC575C4BE4}.Ad-Hoc|Any CPU.Deploy.0 = Release|Any CPU
		{2ECE66AF-1595-4D5F-BC49-3AAC575C4BE4}.Ad-Hoc|ARM.ActiveCfg = Release|Any CPU
		{2ECE66AF-1595-4D5F-BC49-3AAC575C4BE4}.Ad-Hoc|ARM.Build.0 = Release|Any CPU
		{2ECE66AF-1595-4D5F-BC49-3AAC575C4BE4}.Ad-Hoc|ARM.Deploy.0 = Release|Any CPU
		{2ECE66AF-1595-4D5F-BC49-3AAC575C4BE4}.Ad-Hoc|iPhone.ActiveCfg = Release|Any CPU
		{2ECE66AF-1595-4D5F-BC49-3AAC575C4BE4}.Ad-Hoc|iPhone.Build.0 = Release|Any CPU
		{2ECE66AF-1595-4D5F-BC49-3AAC575C4BE4}.Ad-Hoc|iPhone.Deploy.0 = Release|Any CPU
		{2ECE66AF-1595-4D5F-BC49-3AAC575C4BE4}.Ad-Hoc|iPhoneSimulator.ActiveCfg = Release|Any CPU
		{2ECE66AF-1595-4D5F-BC49-3AAC575C4BE4}.Ad-Hoc|iPhoneSimulator.Build.0 = Release|Any CPU
		{2ECE66AF-1595-4D5F-BC49-3AAC575C4BE4}.Ad-Hoc|iPhoneSimulator.Deploy.0 = Release|Any CPU
		{2ECE66AF-1595-4D5F-BC49-3AAC575C4BE4}.Ad-Hoc|x64.ActiveCfg = Release|Any CPU
		{2ECE66AF-1595-4D5F-BC49-3AAC575C4BE4}.Ad-Hoc|x64.Build.0 = Release|Any CPU
		{2ECE66AF-1595-4D5F-BC49-3AAC575C4BE4}.Ad-Hoc|x64.Deploy.0 = Release|Any CPU
		{2ECE66AF-1595-4D5F-BC49-3AAC575C4BE4}.Ad-Hoc|x86.ActiveCfg = Release|Any CPU
		{2ECE66AF-1595-4D5F-BC49-3AAC575C4BE4}.Ad-Hoc|x86.Build.0 = Release|Any CPU
		{2ECE66AF-1595-4D5F-BC49-3AAC575C4BE4}.Ad-Hoc|x86.Deploy.0 = Release|Any CPU
		{2ECE66AF-1595-4D5F-BC49-3AAC575C4BE4}.AppStore|Any CPU.ActiveCfg = Release|Any CPU
		{2ECE66AF-1595-4D5F-BC49-3AAC575C4BE4}.AppStore|Any CPU.Build.0 = Release|Any CPU
		{2ECE66AF-1595-4D5F-BC49-3AAC575C4BE4}.AppStore|Any CPU.Deploy.0 = Release|Any CPU
		{2ECE66AF-1595-4D5F-BC49-3AAC575C4BE4}.AppStore|ARM.ActiveCfg = Release|Any CPU
		{2ECE66AF-1595-4D5F-BC49-3AAC575C4BE4}.AppStore|ARM.Build.0 = Release|Any CPU
		{2ECE66AF-1595-4D5F-BC49-3AAC575C4BE4}.AppStore|ARM.Deploy.0 = Release|Any CPU
		{2ECE66AF-1595-4D5F-BC49-3AAC575C4BE4}.AppStore|iPhone.ActiveCfg = Release|Any CPU
		{2ECE66AF-1595-4D5F-BC49-3AAC575C4BE4}.AppStore|iPhone.Build.0 = Release|Any CPU
		{2ECE66AF-1595-4D5F-BC49-3AAC575C4BE4}.AppStore|iPhone.Deploy.0 = Release|Any CPU
		{2ECE66AF-1595-4D5F-BC49-3AAC575C4BE4}.AppStore|iPhoneSimulator.ActiveCfg = Release|Any CPU
		{2ECE66AF-1595-4D5F-BC49-3AAC575C4BE4}.AppStore|iPhoneSimulator.Build.0 = Release|Any CPU
		{2ECE66AF-1595-4D5F-BC49-3AAC575C4BE4}.AppStore|iPhoneSimulator.Deploy.0 = Release|Any CPU
		{2ECE66AF-1595-4D5F-BC49-3AAC575C4BE4}.AppStore|x64.ActiveCfg = Release|Any CPU
		{2ECE66AF-1595-4D5F-BC49-3AAC575C4BE4}.AppStore|x64.Build.0 = Release|Any CPU
		{2ECE66AF-1595-4D5F-BC49-3AAC575C4BE4}.AppStore|x64.Deploy.0 = Release|Any CPU
		{2ECE66AF-1595-4D5F-BC49-3AAC575C4BE4}.AppStore|x86.ActiveCfg = Release|Any CPU
		{2ECE66AF-1595-4D5F-BC49-3AAC575C4BE4}.AppStore|x86.Build.0 = Release|Any CPU
		{2ECE66AF-1595-4D5F-BC49-3AAC575C4BE4}.AppStore|x86.Deploy.0 = Release|Any CPU
		{2ECE66AF-1595-4D5F-BC49-3AAC575C4BE4}.Debug|Any CPU.ActiveCfg = Debug|Any CPU
		{2ECE66AF-1595-4D5F-BC49-3AAC575C4BE4}.Debug|Any CPU.Build.0 = Debug|Any CPU
		{2ECE66AF-1595-4D5F-BC49-3AAC575C4BE4}.Debug|Any CPU.Deploy.0 = Debug|Any CPU
		{2ECE66AF-1595-4D5F-BC49-3AAC575C4BE4}.Debug|ARM.ActiveCfg = Debug|Any CPU
		{2ECE66AF-1595-4D5F-BC49-3AAC575C4BE4}.Debug|ARM.Build.0 = Debug|Any CPU
		{2ECE66AF-1595-4D5F-BC49-3AAC575C4BE4}.Debug|ARM.Deploy.0 = Debug|Any CPU
		{2ECE66AF-1595-4D5F-BC49-3AAC575C4BE4}.Debug|iPhone.ActiveCfg = Debug|Any CPU
		{2ECE66AF-1595-4D5F-BC49-3AAC575C4BE4}.Debug|iPhone.Build.0 = Debug|Any CPU
		{2ECE66AF-1595-4D5F-BC49-3AAC575C4BE4}.Debug|iPhone.Deploy.0 = Debug|Any CPU
		{2ECE66AF-1595-4D5F-BC49-3AAC575C4BE4}.Debug|iPhoneSimulator.ActiveCfg = Debug|Any CPU
		{2ECE66AF-1595-4D5F-BC49-3AAC575C4BE4}.Debug|iPhoneSimulator.Build.0 = Debug|Any CPU
		{2ECE66AF-1595-4D5F-BC49-3AAC575C4BE4}.Debug|iPhoneSimulator.Deploy.0 = Debug|Any CPU
		{2ECE66AF-1595-4D5F-BC49-3AAC575C4BE4}.Debug|x64.ActiveCfg = Debug|Any CPU
		{2ECE66AF-1595-4D5F-BC49-3AAC575C4BE4}.Debug|x64.Build.0 = Debug|Any CPU
		{2ECE66AF-1595-4D5F-BC49-3AAC575C4BE4}.Debug|x64.Deploy.0 = Debug|Any CPU
		{2ECE66AF-1595-4D5F-BC49-3AAC575C4BE4}.Debug|x86.ActiveCfg = Debug|Any CPU
		{2ECE66AF-1595-4D5F-BC49-3AAC575C4BE4}.Debug|x86.Build.0 = Debug|Any CPU
		{2ECE66AF-1595-4D5F-BC49-3AAC575C4BE4}.Debug|x86.Deploy.0 = Debug|Any CPU
		{2ECE66AF-1595-4D5F-BC49-3AAC575C4BE4}.Release|Any CPU.ActiveCfg = Release|Any CPU
		{2ECE66AF-1595-4D5F-BC49-3AAC575C4BE4}.Release|Any CPU.Build.0 = Release|Any CPU
		{2ECE66AF-1595-4D5F-BC49-3AAC575C4BE4}.Release|Any CPU.Deploy.0 = Release|Any CPU
		{2ECE66AF-1595-4D5F-BC49-3AAC575C4BE4}.Release|ARM.ActiveCfg = Release|Any CPU
		{2ECE66AF-1595-4D5F-BC49-3AAC575C4BE4}.Release|ARM.Build.0 = Release|Any CPU
		{2ECE66AF-1595-4D5F-BC49-3AAC575C4BE4}.Release|ARM.Deploy.0 = Release|Any CPU
		{2ECE66AF-1595-4D5F-BC49-3AAC575C4BE4}.Release|iPhone.ActiveCfg = Release|Any CPU
		{2ECE66AF-1595-4D5F-BC49-3AAC575C4BE4}.Release|iPhone.Build.0 = Release|Any CPU
		{2ECE66AF-1595-4D5F-BC49-3AAC575C4BE4}.Release|iPhone.Deploy.0 = Release|Any CPU
		{2ECE66AF-1595-4D5F-BC49-3AAC575C4BE4}.Release|iPhoneSimulator.ActiveCfg = Release|Any CPU
		{2ECE66AF-1595-4D5F-BC49-3AAC575C4BE4}.Release|iPhoneSimulator.Build.0 = Release|Any CPU
		{2ECE66AF-1595-4D5F-BC49-3AAC575C4BE4}.Release|iPhoneSimulator.Deploy.0 = Release|Any CPU
		{2ECE66AF-1595-4D5F-BC49-3AAC575C4BE4}.Release|x64.ActiveCfg = Release|Any CPU
		{2ECE66AF-1595-4D5F-BC49-3AAC575C4BE4}.Release|x64.Build.0 = Release|Any CPU
		{2ECE66AF-1595-4D5F-BC49-3AAC575C4BE4}.Release|x64.Deploy.0 = Release|Any CPU
		{2ECE66AF-1595-4D5F-BC49-3AAC575C4BE4}.Release|x86.ActiveCfg = Release|Any CPU
		{2ECE66AF-1595-4D5F-BC49-3AAC575C4BE4}.Release|x86.Build.0 = Release|Any CPU
		{2ECE66AF-1595-4D5F-BC49-3AAC575C4BE4}.Release|x86.Deploy.0 = Release|Any CPU
		{74FB857B-3D65-433F-8445-BFF141BAB6AD}.Ad-Hoc|Any CPU.ActiveCfg = Ad-Hoc|iPhone
		{74FB857B-3D65-433F-8445-BFF141BAB6AD}.Ad-Hoc|Any CPU.Build.0 = Ad-Hoc|iPhone
		{74FB857B-3D65-433F-8445-BFF141BAB6AD}.Ad-Hoc|Any CPU.Deploy.0 = Ad-Hoc|iPhone
		{74FB857B-3D65-433F-8445-BFF141BAB6AD}.Ad-Hoc|ARM.ActiveCfg = Ad-Hoc|iPhone
		{74FB857B-3D65-433F-8445-BFF141BAB6AD}.Ad-Hoc|ARM.Build.0 = Ad-Hoc|iPhone
		{74FB857B-3D65-433F-8445-BFF141BAB6AD}.Ad-Hoc|ARM.Deploy.0 = Ad-Hoc|iPhone
		{74FB857B-3D65-433F-8445-BFF141BAB6AD}.Ad-Hoc|iPhone.ActiveCfg = Ad-Hoc|iPhone
		{74FB857B-3D65-433F-8445-BFF141BAB6AD}.Ad-Hoc|iPhone.Build.0 = Ad-Hoc|iPhone
		{74FB857B-3D65-433F-8445-BFF141BAB6AD}.Ad-Hoc|iPhone.Deploy.0 = Ad-Hoc|iPhone
		{74FB857B-3D65-433F-8445-BFF141BAB6AD}.Ad-Hoc|iPhoneSimulator.ActiveCfg = Ad-Hoc|iPhoneSimulator
		{74FB857B-3D65-433F-8445-BFF141BAB6AD}.Ad-Hoc|iPhoneSimulator.Build.0 = Ad-Hoc|iPhoneSimulator
		{74FB857B-3D65-433F-8445-BFF141BAB6AD}.Ad-Hoc|iPhoneSimulator.Deploy.0 = Ad-Hoc|iPhoneSimulator
		{74FB857B-3D65-433F-8445-BFF141BAB6AD}.Ad-Hoc|x64.ActiveCfg = Ad-Hoc|iPhone
		{74FB857B-3D65-433F-8445-BFF141BAB6AD}.Ad-Hoc|x64.Build.0 = Ad-Hoc|iPhone
		{74FB857B-3D65-433F-8445-BFF141BAB6AD}.Ad-Hoc|x64.Deploy.0 = Ad-Hoc|iPhone
		{74FB857B-3D65-433F-8445-BFF141BAB6AD}.Ad-Hoc|x86.ActiveCfg = Ad-Hoc|iPhone
		{74FB857B-3D65-433F-8445-BFF141BAB6AD}.Ad-Hoc|x86.Build.0 = Ad-Hoc|iPhone
		{74FB857B-3D65-433F-8445-BFF141BAB6AD}.Ad-Hoc|x86.Deploy.0 = Ad-Hoc|iPhone
		{74FB857B-3D65-433F-8445-BFF141BAB6AD}.AppStore|Any CPU.ActiveCfg = AppStore|iPhone
		{74FB857B-3D65-433F-8445-BFF141BAB6AD}.AppStore|Any CPU.Build.0 = AppStore|iPhone
		{74FB857B-3D65-433F-8445-BFF141BAB6AD}.AppStore|Any CPU.Deploy.0 = AppStore|iPhone
		{74FB857B-3D65-433F-8445-BFF141BAB6AD}.AppStore|ARM.ActiveCfg = AppStore|iPhone
		{74FB857B-3D65-433F-8445-BFF141BAB6AD}.AppStore|ARM.Build.0 = AppStore|iPhone
		{74FB857B-3D65-433F-8445-BFF141BAB6AD}.AppStore|ARM.Deploy.0 = AppStore|iPhone
		{74FB857B-3D65-433F-8445-BFF141BAB6AD}.AppStore|iPhone.ActiveCfg = AppStore|iPhone
		{74FB857B-3D65-433F-8445-BFF141BAB6AD}.AppStore|iPhone.Build.0 = AppStore|iPhone
		{74FB857B-3D65-433F-8445-BFF141BAB6AD}.AppStore|iPhone.Deploy.0 = AppStore|iPhone
		{74FB857B-3D65-433F-8445-BFF141BAB6AD}.AppStore|iPhoneSimulator.ActiveCfg = AppStore|iPhoneSimulator
		{74FB857B-3D65-433F-8445-BFF141BAB6AD}.AppStore|iPhoneSimulator.Build.0 = AppStore|iPhoneSimulator
		{74FB857B-3D65-433F-8445-BFF141BAB6AD}.AppStore|iPhoneSimulator.Deploy.0 = AppStore|iPhoneSimulator
		{74FB857B-3D65-433F-8445-BFF141BAB6AD}.AppStore|x64.ActiveCfg = AppStore|iPhone
		{74FB857B-3D65-433F-8445-BFF141BAB6AD}.AppStore|x64.Build.0 = AppStore|iPhone
		{74FB857B-3D65-433F-8445-BFF141BAB6AD}.AppStore|x64.Deploy.0 = AppStore|iPhone
		{74FB857B-3D65-433F-8445-BFF141BAB6AD}.AppStore|x86.ActiveCfg = AppStore|iPhone
		{74FB857B-3D65-433F-8445-BFF141BAB6AD}.AppStore|x86.Build.0 = AppStore|iPhone
		{74FB857B-3D65-433F-8445-BFF141BAB6AD}.AppStore|x86.Deploy.0 = AppStore|iPhone
		{74FB857B-3D65-433F-8445-BFF141BAB6AD}.Debug|Any CPU.ActiveCfg = Debug|iPhoneSimulator
		{74FB857B-3D65-433F-8445-BFF141BAB6AD}.Debug|Any CPU.Build.0 = Debug|iPhoneSimulator
		{74FB857B-3D65-433F-8445-BFF141BAB6AD}.Debug|Any CPU.Deploy.0 = Debug|iPhoneSimulator
		{74FB857B-3D65-433F-8445-BFF141BAB6AD}.Debug|ARM.ActiveCfg = Debug|iPhone
		{74FB857B-3D65-433F-8445-BFF141BAB6AD}.Debug|ARM.Build.0 = Debug|iPhone
		{74FB857B-3D65-433F-8445-BFF141BAB6AD}.Debug|ARM.Deploy.0 = Debug|iPhone
		{74FB857B-3D65-433F-8445-BFF141BAB6AD}.Debug|iPhone.ActiveCfg = Debug|iPhone
		{74FB857B-3D65-433F-8445-BFF141BAB6AD}.Debug|iPhone.Build.0 = Debug|iPhone
		{74FB857B-3D65-433F-8445-BFF141BAB6AD}.Debug|iPhone.Deploy.0 = Debug|iPhone
		{74FB857B-3D65-433F-8445-BFF141BAB6AD}.Debug|iPhoneSimulator.ActiveCfg = Debug|iPhoneSimulator
		{74FB857B-3D65-433F-8445-BFF141BAB6AD}.Debug|iPhoneSimulator.Build.0 = Debug|iPhoneSimulator
		{74FB857B-3D65-433F-8445-BFF141BAB6AD}.Debug|iPhoneSimulator.Deploy.0 = Debug|iPhoneSimulator
		{74FB857B-3D65-433F-8445-BFF141BAB6AD}.Debug|x64.ActiveCfg = Debug|iPhone
		{74FB857B-3D65-433F-8445-BFF141BAB6AD}.Debug|x64.Build.0 = Debug|iPhone
		{74FB857B-3D65-433F-8445-BFF141BAB6AD}.Debug|x64.Deploy.0 = Debug|iPhone
		{74FB857B-3D65-433F-8445-BFF141BAB6AD}.Debug|x86.ActiveCfg = Debug|iPhone
		{74FB857B-3D65-433F-8445-BFF141BAB6AD}.Debug|x86.Build.0 = Debug|iPhone
		{74FB857B-3D65-433F-8445-BFF141BAB6AD}.Debug|x86.Deploy.0 = Debug|iPhone
		{74FB857B-3D65-433F-8445-BFF141BAB6AD}.Release|Any CPU.ActiveCfg = Release|iPhone
		{74FB857B-3D65-433F-8445-BFF141BAB6AD}.Release|Any CPU.Build.0 = Release|iPhone
		{74FB857B-3D65-433F-8445-BFF141BAB6AD}.Release|Any CPU.Deploy.0 = Release|iPhone
		{74FB857B-3D65-433F-8445-BFF141BAB6AD}.Release|ARM.ActiveCfg = Release|iPhone
		{74FB857B-3D65-433F-8445-BFF141BAB6AD}.Release|ARM.Build.0 = Release|iPhone
		{74FB857B-3D65-433F-8445-BFF141BAB6AD}.Release|ARM.Deploy.0 = Release|iPhone
		{74FB857B-3D65-433F-8445-BFF141BAB6AD}.Release|iPhone.ActiveCfg = Release|iPhone
		{74FB857B-3D65-433F-8445-BFF141BAB6AD}.Release|iPhone.Build.0 = Release|iPhone
		{74FB857B-3D65-433F-8445-BFF141BAB6AD}.Release|iPhone.Deploy.0 = Release|iPhone
		{74FB857B-3D65-433F-8445-BFF141BAB6AD}.Release|iPhoneSimulator.ActiveCfg = Release|iPhoneSimulator
		{74FB857B-3D65-433F-8445-BFF141BAB6AD}.Release|iPhoneSimulator.Build.0 = Release|iPhoneSimulator
		{74FB857B-3D65-433F-8445-BFF141BAB6AD}.Release|iPhoneSimulator.Deploy.0 = Release|iPhoneSimulator
		{74FB857B-3D65-433F-8445-BFF141BAB6AD}.Release|x64.ActiveCfg = Release|iPhone
		{74FB857B-3D65-433F-8445-BFF141BAB6AD}.Release|x64.Build.0 = Release|iPhone
		{74FB857B-3D65-433F-8445-BFF141BAB6AD}.Release|x64.Deploy.0 = Release|iPhone
		{74FB857B-3D65-433F-8445-BFF141BAB6AD}.Release|x86.ActiveCfg = Release|iPhone
		{74FB857B-3D65-433F-8445-BFF141BAB6AD}.Release|x86.Build.0 = Release|iPhone
		{74FB857B-3D65-433F-8445-BFF141BAB6AD}.Release|x86.Deploy.0 = Release|iPhone
		{17E11319-265A-4D4A-837D-5439A6460233}.Ad-Hoc|Any CPU.ActiveCfg = Release|x86
		{17E11319-265A-4D4A-837D-5439A6460233}.Ad-Hoc|Any CPU.Build.0 = Release|x86
		{17E11319-265A-4D4A-837D-5439A6460233}.Ad-Hoc|Any CPU.Deploy.0 = Release|x86
		{17E11319-265A-4D4A-837D-5439A6460233}.Ad-Hoc|ARM.ActiveCfg = Release|ARM
		{17E11319-265A-4D4A-837D-5439A6460233}.Ad-Hoc|ARM.Build.0 = Release|ARM
		{17E11319-265A-4D4A-837D-5439A6460233}.Ad-Hoc|ARM.Deploy.0 = Release|ARM
		{17E11319-265A-4D4A-837D-5439A6460233}.Ad-Hoc|iPhone.ActiveCfg = Release|x86
		{17E11319-265A-4D4A-837D-5439A6460233}.Ad-Hoc|iPhone.Build.0 = Release|x86
		{17E11319-265A-4D4A-837D-5439A6460233}.Ad-Hoc|iPhone.Deploy.0 = Release|x86
		{17E11319-265A-4D4A-837D-5439A6460233}.Ad-Hoc|iPhoneSimulator.ActiveCfg = Release|x86
		{17E11319-265A-4D4A-837D-5439A6460233}.Ad-Hoc|iPhoneSimulator.Build.0 = Release|x86
		{17E11319-265A-4D4A-837D-5439A6460233}.Ad-Hoc|iPhoneSimulator.Deploy.0 = Release|x86
		{17E11319-265A-4D4A-837D-5439A6460233}.Ad-Hoc|x64.ActiveCfg = Release|x64
		{17E11319-265A-4D4A-837D-5439A6460233}.Ad-Hoc|x64.Build.0 = Release|x64
		{17E11319-265A-4D4A-837D-5439A6460233}.Ad-Hoc|x64.Deploy.0 = Release|x64
		{17E11319-265A-4D4A-837D-5439A6460233}.Ad-Hoc|x86.ActiveCfg = Release|x86
		{17E11319-265A-4D4A-837D-5439A6460233}.Ad-Hoc|x86.Build.0 = Release|x86
		{17E11319-265A-4D4A-837D-5439A6460233}.Ad-Hoc|x86.Deploy.0 = Release|x86
		{17E11319-265A-4D4A-837D-5439A6460233}.AppStore|Any CPU.ActiveCfg = Release|x86
		{17E11319-265A-4D4A-837D-5439A6460233}.AppStore|Any CPU.Build.0 = Release|x86
		{17E11319-265A-4D4A-837D-5439A6460233}.AppStore|Any CPU.Deploy.0 = Release|x86
		{17E11319-265A-4D4A-837D-5439A6460233}.AppStore|ARM.ActiveCfg = Release|ARM
		{17E11319-265A-4D4A-837D-5439A6460233}.AppStore|ARM.Build.0 = Release|ARM
		{17E11319-265A-4D4A-837D-5439A6460233}.AppStore|ARM.Deploy.0 = Release|ARM
		{17E11319-265A-4D4A-837D-5439A6460233}.AppStore|iPhone.ActiveCfg = Release|x86
		{17E11319-265A-4D4A-837D-5439A6460233}.AppStore|iPhone.Build.0 = Release|x86
		{17E11319-265A-4D4A-837D-5439A6460233}.AppStore|iPhone.Deploy.0 = Release|x86
		{17E11319-265A-4D4A-837D-5439A6460233}.AppStore|iPhoneSimulator.ActiveCfg = Release|x86
		{17E11319-265A-4D4A-837D-5439A6460233}.AppStore|iPhoneSimulator.Build.0 = Release|x86
		{17E11319-265A-4D4A-837D-5439A6460233}.AppStore|iPhoneSimulator.Deploy.0 = Release|x86
		{17E11319-265A-4D4A-837D-5439A6460233}.AppStore|x64.ActiveCfg = Release|x64
		{17E11319-265A-4D4A-837D-5439A6460233}.AppStore|x64.Build.0 = Release|x64
		{17E11319-265A-4D4A-837D-5439A6460233}.AppStore|x64.Deploy.0 = Release|x64
		{17E11319-265A-4D4A-837D-5439A6460233}.AppStore|x86.ActiveCfg = Release|x86
		{17E11319-265A-4D4A-837D-5439A6460233}.AppStore|x86.Build.0 = Release|x86
		{17E11319-265A-4D4A-837D-5439A6460233}.AppStore|x86.Deploy.0 = Release|x86
		{17E11319-265A-4D4A-837D-5439A6460233}.Debug|Any CPU.ActiveCfg = Debug|x86
		{17E11319-265A-4D4A-837D-5439A6460233}.Debug|Any CPU.Build.0 = Debug|x86
		{17E11319-265A-4D4A-837D-5439A6460233}.Debug|Any CPU.Deploy.0 = Debug|x86
		{17E11319-265A-4D4A-837D-5439A6460233}.Debug|ARM.ActiveCfg = Debug|ARM
		{17E11319-265A-4D4A-837D-5439A6460233}.Debug|ARM.Build.0 = Debug|ARM
		{17E11319-265A-4D4A-837D-5439A6460233}.Debug|ARM.Deploy.0 = Debug|ARM
		{17E11319-265A-4D4A-837D-5439A6460233}.Debug|iPhone.ActiveCfg = Debug|x86
		{17E11319-265A-4D4A-837D-5439A6460233}.Debug|iPhone.Build.0 = Debug|x86
		{17E11319-265A-4D4A-837D-5439A6460233}.Debug|iPhone.Deploy.0 = Debug|x86
		{17E11319-265A-4D4A-837D-5439A6460233}.Debug|iPhoneSimulator.ActiveCfg = Debug|x86
		{17E11319-265A-4D4A-837D-5439A6460233}.Debug|iPhoneSimulator.Build.0 = Debug|x86
		{17E11319-265A-4D4A-837D-5439A6460233}.Debug|iPhoneSimulator.Deploy.0 = Debug|x86
		{17E11319-265A-4D4A-837D-5439A6460233}.Debug|x64.ActiveCfg = Debug|x64
		{17E11319-265A-4D4A-837D-5439A6460233}.Debug|x64.Build.0 = Debug|x64
		{17E11319-265A-4D4A-837D-5439A6460233}.Debug|x64.Deploy.0 = Debug|x64
		{17E11319-265A-4D4A-837D-5439A6460233}.Debug|x86.ActiveCfg = Debug|x86
		{17E11319-265A-4D4A-837D-5439A6460233}.Debug|x86.Build.0 = Debug|x86
		{17E11319-265A-4D4A-837D-5439A6460233}.Debug|x86.Deploy.0 = Debug|x86
		{17E11319-265A-4D4A-837D-5439A6460233}.Release|Any CPU.ActiveCfg = Release|x86
		{17E11319-265A-4D4A-837D-5439A6460233}.Release|Any CPU.Build.0 = Release|x86
		{17E11319-265A-4D4A-837D-5439A6460233}.Release|Any CPU.Deploy.0 = Release|x86
		{17E11319-265A-4D4A-837D-5439A6460233}.Release|ARM.ActiveCfg = Release|ARM
		{17E11319-265A-4D4A-837D-5439A6460233}.Release|ARM.Build.0 = Release|ARM
		{17E11319-265A-4D4A-837D-5439A6460233}.Release|ARM.Deploy.0 = Release|ARM
		{17E11319-265A-4D4A-837D-5439A6460233}.Release|iPhone.ActiveCfg = Release|x86
		{17E11319-265A-4D4A-837D-5439A6460233}.Release|iPhone.Build.0 = Release|x86
		{17E11319-265A-4D4A-837D-5439A6460233}.Release|iPhone.Deploy.0 = Release|x86
		{17E11319-265A-4D4A-837D-5439A6460233}.Release|iPhoneSimulator.ActiveCfg = Release|x86
		{17E11319-265A-4D4A-837D-5439A6460233}.Release|iPhoneSimulator.Build.0 = Release|x86
		{17E11319-265A-4D4A-837D-5439A6460233}.Release|iPhoneSimulator.Deploy.0 = Release|x86
		{17E11319-265A-4D4A-837D-5439A6460233}.Release|x64.ActiveCfg = Release|x64
		{17E11319-265A-4D4A-837D-5439A6460233}.Release|x64.Build.0 = Release|x64
		{17E11319-265A-4D4A-837D-5439A6460233}.Release|x64.Deploy.0 = Release|x64
		{17E11319-265A-4D4A-837D-5439A6460233}.Release|x86.ActiveCfg = Release|x86
		{17E11319-265A-4D4A-837D-5439A6460233}.Release|x86.Build.0 = Release|x86
		{17E11319-265A-4D4A-837D-5439A6460233}.Release|x86.Deploy.0 = Release|x86
		{04A96D77-C719-4429-9D03-F3EC34D04137}.Ad-Hoc|Any CPU.ActiveCfg = Debug|Any CPU
		{04A96D77-C719-4429-9D03-F3EC34D04137}.Ad-Hoc|Any CPU.Build.0 = Debug|Any CPU
		{04A96D77-C719-4429-9D03-F3EC34D04137}.Ad-Hoc|Any CPU.Deploy.0 = Debug|Any CPU
		{04A96D77-C719-4429-9D03-F3EC34D04137}.Ad-Hoc|ARM.ActiveCfg = Debug|Any CPU
		{04A96D77-C719-4429-9D03-F3EC34D04137}.Ad-Hoc|ARM.Build.0 = Debug|Any CPU
		{04A96D77-C719-4429-9D03-F3EC34D04137}.Ad-Hoc|ARM.Deploy.0 = Debug|Any CPU
		{04A96D77-C719-4429-9D03-F3EC34D04137}.Ad-Hoc|iPhone.ActiveCfg = Debug|Any CPU
		{04A96D77-C719-4429-9D03-F3EC34D04137}.Ad-Hoc|iPhone.Build.0 = Debug|Any CPU
		{04A96D77-C719-4429-9D03-F3EC34D04137}.Ad-Hoc|iPhone.Deploy.0 = Debug|Any CPU
		{04A96D77-C719-4429-9D03-F3EC34D04137}.Ad-Hoc|iPhoneSimulator.ActiveCfg = Debug|Any CPU
		{04A96D77-C719-4429-9D03-F3EC34D04137}.Ad-Hoc|iPhoneSimulator.Build.0 = Debug|Any CPU
		{04A96D77-C719-4429-9D03-F3EC34D04137}.Ad-Hoc|iPhoneSimulator.Deploy.0 = Debug|Any CPU
		{04A96D77-C719-4429-9D03-F3EC34D04137}.Ad-Hoc|x64.ActiveCfg = Debug|Any CPU
		{04A96D77-C719-4429-9D03-F3EC34D04137}.Ad-Hoc|x64.Build.0 = Debug|Any CPU
		{04A96D77-C719-4429-9D03-F3EC34D04137}.Ad-Hoc|x64.Deploy.0 = Debug|Any CPU
		{04A96D77-C719-4429-9D03-F3EC34D04137}.Ad-Hoc|x86.ActiveCfg = Debug|Any CPU
		{04A96D77-C719-4429-9D03-F3EC34D04137}.Ad-Hoc|x86.Build.0 = Debug|Any CPU
		{04A96D77-C719-4429-9D03-F3EC34D04137}.Ad-Hoc|x86.Deploy.0 = Debug|Any CPU
		{04A96D77-C719-4429-9D03-F3EC34D04137}.AppStore|Any CPU.ActiveCfg = Debug|Any CPU
		{04A96D77-C719-4429-9D03-F3EC34D04137}.AppStore|Any CPU.Build.0 = Debug|Any CPU
		{04A96D77-C719-4429-9D03-F3EC34D04137}.AppStore|Any CPU.Deploy.0 = Debug|Any CPU
		{04A96D77-C719-4429-9D03-F3EC34D04137}.AppStore|ARM.ActiveCfg = Debug|Any CPU
		{04A96D77-C719-4429-9D03-F3EC34D04137}.AppStore|ARM.Build.0 = Debug|Any CPU
		{04A96D77-C719-4429-9D03-F3EC34D04137}.AppStore|ARM.Deploy.0 = Debug|Any CPU
		{04A96D77-C719-4429-9D03-F3EC34D04137}.AppStore|iPhone.ActiveCfg = Debug|Any CPU
		{04A96D77-C719-4429-9D03-F3EC34D04137}.AppStore|iPhone.Build.0 = Debug|Any CPU
		{04A96D77-C719-4429-9D03-F3EC34D04137}.AppStore|iPhone.Deploy.0 = Debug|Any CPU
		{04A96D77-C719-4429-9D03-F3EC34D04137}.AppStore|iPhoneSimulator.ActiveCfg = Debug|Any CPU
		{04A96D77-C719-4429-9D03-F3EC34D04137}.AppStore|iPhoneSimulator.Build.0 = Debug|Any CPU
		{04A96D77-C719-4429-9D03-F3EC34D04137}.AppStore|iPhoneSimulator.Deploy.0 = Debug|Any CPU
		{04A96D77-C719-4429-9D03-F3EC34D04137}.AppStore|x64.ActiveCfg = Debug|Any CPU
		{04A96D77-C719-4429-9D03-F3EC34D04137}.AppStore|x64.Build.0 = Debug|Any CPU
		{04A96D77-C719-4429-9D03-F3EC34D04137}.AppStore|x64.Deploy.0 = Debug|Any CPU
		{04A96D77-C719-4429-9D03-F3EC34D04137}.AppStore|x86.ActiveCfg = Debug|Any CPU
		{04A96D77-C719-4429-9D03-F3EC34D04137}.AppStore|x86.Build.0 = Debug|Any CPU
		{04A96D77-C719-4429-9D03-F3EC34D04137}.AppStore|x86.Deploy.0 = Debug|Any CPU
		{04A96D77-C719-4429-9D03-F3EC34D04137}.Debug|Any CPU.ActiveCfg = Debug|Any CPU
		{04A96D77-C719-4429-9D03-F3EC34D04137}.Debug|Any CPU.Build.0 = Debug|Any CPU
		{04A96D77-C719-4429-9D03-F3EC34D04137}.Debug|Any CPU.Deploy.0 = Debug|Any CPU
		{04A96D77-C719-4429-9D03-F3EC34D04137}.Debug|ARM.ActiveCfg = Debug|Any CPU
		{04A96D77-C719-4429-9D03-F3EC34D04137}.Debug|ARM.Build.0 = Debug|Any CPU
		{04A96D77-C719-4429-9D03-F3EC34D04137}.Debug|ARM.Deploy.0 = Debug|Any CPU
		{04A96D77-C719-4429-9D03-F3EC34D04137}.Debug|iPhone.ActiveCfg = Debug|Any CPU
		{04A96D77-C719-4429-9D03-F3EC34D04137}.Debug|iPhone.Build.0 = Debug|Any CPU
		{04A96D77-C719-4429-9D03-F3EC34D04137}.Debug|iPhone.Deploy.0 = Debug|Any CPU
		{04A96D77-C719-4429-9D03-F3EC34D04137}.Debug|iPhoneSimulator.ActiveCfg = Debug|Any CPU
		{04A96D77-C719-4429-9D03-F3EC34D04137}.Debug|iPhoneSimulator.Build.0 = Debug|Any CPU
		{04A96D77-C719-4429-9D03-F3EC34D04137}.Debug|iPhoneSimulator.Deploy.0 = Debug|Any CPU
		{04A96D77-C719-4429-9D03-F3EC34D04137}.Debug|x64.ActiveCfg = Debug|Any CPU
		{04A96D77-C719-4429-9D03-F3EC34D04137}.Debug|x64.Build.0 = Debug|Any CPU
		{04A96D77-C719-4429-9D03-F3EC34D04137}.Debug|x64.Deploy.0 = Debug|Any CPU
		{04A96D77-C719-4429-9D03-F3EC34D04137}.Debug|x86.ActiveCfg = Debug|Any CPU
		{04A96D77-C719-4429-9D03-F3EC34D04137}.Debug|x86.Build.0 = Debug|Any CPU
		{04A96D77-C719-4429-9D03-F3EC34D04137}.Debug|x86.Deploy.0 = Debug|Any CPU
		{04A96D77-C719-4429-9D03-F3EC34D04137}.Release|Any CPU.ActiveCfg = Release|Any CPU
		{04A96D77-C719-4429-9D03-F3EC34D04137}.Release|Any CPU.Build.0 = Release|Any CPU
		{04A96D77-C719-4429-9D03-F3EC34D04137}.Release|Any CPU.Deploy.0 = Release|Any CPU
		{04A96D77-C719-4429-9D03-F3EC34D04137}.Release|ARM.ActiveCfg = Release|Any CPU
		{04A96D77-C719-4429-9D03-F3EC34D04137}.Release|ARM.Build.0 = Release|Any CPU
		{04A96D77-C719-4429-9D03-F3EC34D04137}.Release|ARM.Deploy.0 = Release|Any CPU
		{04A96D77-C719-4429-9D03-F3EC34D04137}.Release|iPhone.ActiveCfg = Release|Any CPU
		{04A96D77-C719-4429-9D03-F3EC34D04137}.Release|iPhone.Build.0 = Release|Any CPU
		{04A96D77-C719-4429-9D03-F3EC34D04137}.Release|iPhone.Deploy.0 = Release|Any CPU
		{04A96D77-C719-4429-9D03-F3EC34D04137}.Release|iPhoneSimulator.ActiveCfg = Release|Any CPU
		{04A96D77-C719-4429-9D03-F3EC34D04137}.Release|iPhoneSimulator.Build.0 = Release|Any CPU
		{04A96D77-C719-4429-9D03-F3EC34D04137}.Release|iPhoneSimulator.Deploy.0 = Release|Any CPU
		{04A96D77-C719-4429-9D03-F3EC34D04137}.Release|x64.ActiveCfg = Release|Any CPU
		{04A96D77-C719-4429-9D03-F3EC34D04137}.Release|x64.Build.0 = Release|Any CPU
		{04A96D77-C719-4429-9D03-F3EC34D04137}.Release|x64.Deploy.0 = Release|Any CPU
		{04A96D77-C719-4429-9D03-F3EC34D04137}.Release|x86.ActiveCfg = Release|Any CPU
		{04A96D77-C719-4429-9D03-F3EC34D04137}.Release|x86.Build.0 = Release|Any CPU
		{04A96D77-C719-4429-9D03-F3EC34D04137}.Release|x86.Deploy.0 = Release|Any CPU
		{423F5EBD-41BA-4EAD-8123-4D00191DC433}.Ad-Hoc|Any CPU.ActiveCfg = Release|Any CPU
		{423F5EBD-41BA-4EAD-8123-4D00191DC433}.Ad-Hoc|Any CPU.Build.0 = Release|Any CPU
		{423F5EBD-41BA-4EAD-8123-4D00191DC433}.Ad-Hoc|ARM.ActiveCfg = Release|Any CPU
		{423F5EBD-41BA-4EAD-8123-4D00191DC433}.Ad-Hoc|ARM.Build.0 = Release|Any CPU
		{423F5EBD-41BA-4EAD-8123-4D00191DC433}.Ad-Hoc|iPhone.ActiveCfg = Release|Any CPU
		{423F5EBD-41BA-4EAD-8123-4D00191DC433}.Ad-Hoc|iPhone.Build.0 = Release|Any CPU
		{423F5EBD-41BA-4EAD-8123-4D00191DC433}.Ad-Hoc|iPhoneSimulator.ActiveCfg = Release|Any CPU
		{423F5EBD-41BA-4EAD-8123-4D00191DC433}.Ad-Hoc|iPhoneSimulator.Build.0 = Release|Any CPU
		{423F5EBD-41BA-4EAD-8123-4D00191DC433}.Ad-Hoc|x64.ActiveCfg = Release|Any CPU
		{423F5EBD-41BA-4EAD-8123-4D00191DC433}.Ad-Hoc|x64.Build.0 = Release|Any CPU
		{423F5EBD-41BA-4EAD-8123-4D00191DC433}.Ad-Hoc|x86.ActiveCfg = Release|Any CPU
		{423F5EBD-41BA-4EAD-8123-4D00191DC433}.Ad-Hoc|x86.Build.0 = Release|Any CPU
		{423F5EBD-41BA-4EAD-8123-4D00191DC433}.AppStore|Any CPU.ActiveCfg = Release|Any CPU
		{423F5EBD-41BA-4EAD-8123-4D00191DC433}.AppStore|Any CPU.Build.0 = Release|Any CPU
		{423F5EBD-41BA-4EAD-8123-4D00191DC433}.AppStore|ARM.ActiveCfg = Release|Any CPU
		{423F5EBD-41BA-4EAD-8123-4D00191DC433}.AppStore|ARM.Build.0 = Release|Any CPU
		{423F5EBD-41BA-4EAD-8123-4D00191DC433}.AppStore|iPhone.ActiveCfg = Release|Any CPU
		{423F5EBD-41BA-4EAD-8123-4D00191DC433}.AppStore|iPhone.Build.0 = Release|Any CPU
		{423F5EBD-41BA-4EAD-8123-4D00191DC433}.AppStore|iPhoneSimulator.ActiveCfg = Release|Any CPU
		{423F5EBD-41BA-4EAD-8123-4D00191DC433}.AppStore|iPhoneSimulator.Build.0 = Release|Any CPU
		{423F5EBD-41BA-4EAD-8123-4D00191DC433}.AppStore|x64.ActiveCfg = Release|Any CPU
		{423F5EBD-41BA-4EAD-8123-4D00191DC433}.AppStore|x64.Build.0 = Release|Any CPU
		{423F5EBD-41BA-4EAD-8123-4D00191DC433}.AppStore|x86.ActiveCfg = Release|Any CPU
		{423F5EBD-41BA-4EAD-8123-4D00191DC433}.AppStore|x86.Build.0 = Release|Any CPU
		{423F5EBD-41BA-4EAD-8123-4D00191DC433}.Debug|Any CPU.ActiveCfg = Debug|Any CPU
		{423F5EBD-41BA-4EAD-8123-4D00191DC433}.Debug|Any CPU.Build.0 = Debug|Any CPU
		{423F5EBD-41BA-4EAD-8123-4D00191DC433}.Debug|ARM.ActiveCfg = Debug|Any CPU
		{423F5EBD-41BA-4EAD-8123-4D00191DC433}.Debug|ARM.Build.0 = Debug|Any CPU
		{423F5EBD-41BA-4EAD-8123-4D00191DC433}.Debug|iPhone.ActiveCfg = Debug|Any CPU
		{423F5EBD-41BA-4EAD-8123-4D00191DC433}.Debug|iPhone.Build.0 = Debug|Any CPU
		{423F5EBD-41BA-4EAD-8123-4D00191DC433}.Debug|iPhoneSimulator.ActiveCfg = Debug|Any CPU
		{423F5EBD-41BA-4EAD-8123-4D00191DC433}.Debug|iPhoneSimulator.Build.0 = Debug|Any CPU
		{423F5EBD-41BA-4EAD-8123-4D00191DC433}.Debug|x64.ActiveCfg = Debug|Any CPU
		{423F5EBD-41BA-4EAD-8123-4D00191DC433}.Debug|x64.Build.0 = Debug|Any CPU
		{423F5EBD-41BA-4EAD-8123-4D00191DC433}.Debug|x86.ActiveCfg = Debug|Any CPU
		{423F5EBD-41BA-4EAD-8123-4D00191DC433}.Debug|x86.Build.0 = Debug|Any CPU
		{423F5EBD-41BA-4EAD-8123-4D00191DC433}.Release|Any CPU.ActiveCfg = Release|Any CPU
		{423F5EBD-41BA-4EAD-8123-4D00191DC433}.Release|Any CPU.Build.0 = Release|Any CPU
		{423F5EBD-41BA-4EAD-8123-4D00191DC433}.Release|ARM.ActiveCfg = Release|Any CPU
		{423F5EBD-41BA-4EAD-8123-4D00191DC433}.Release|ARM.Build.0 = Release|Any CPU
		{423F5EBD-41BA-4EAD-8123-4D00191DC433}.Release|iPhone.ActiveCfg = Release|Any CPU
		{423F5EBD-41BA-4EAD-8123-4D00191DC433}.Release|iPhone.Build.0 = Release|Any CPU
		{423F5EBD-41BA-4EAD-8123-4D00191DC433}.Release|iPhoneSimulator.ActiveCfg = Release|Any CPU
		{423F5EBD-41BA-4EAD-8123-4D00191DC433}.Release|iPhoneSimulator.Build.0 = Release|Any CPU
		{423F5EBD-41BA-4EAD-8123-4D00191DC433}.Release|x64.ActiveCfg = Release|Any CPU
		{423F5EBD-41BA-4EAD-8123-4D00191DC433}.Release|x64.Build.0 = Release|Any CPU
		{423F5EBD-41BA-4EAD-8123-4D00191DC433}.Release|x86.ActiveCfg = Release|Any CPU
		{423F5EBD-41BA-4EAD-8123-4D00191DC433}.Release|x86.Build.0 = Release|Any CPU
		{B6330FFD-F1A3-453C-A9EE-C6D01774E1F9}.Ad-Hoc|Any CPU.ActiveCfg = Release|Any CPU
		{B6330FFD-F1A3-453C-A9EE-C6D01774E1F9}.Ad-Hoc|Any CPU.Build.0 = Release|Any CPU
		{B6330FFD-F1A3-453C-A9EE-C6D01774E1F9}.Ad-Hoc|ARM.ActiveCfg = Release|Any CPU
		{B6330FFD-F1A3-453C-A9EE-C6D01774E1F9}.Ad-Hoc|ARM.Build.0 = Release|Any CPU
		{B6330FFD-F1A3-453C-A9EE-C6D01774E1F9}.Ad-Hoc|iPhone.ActiveCfg = Release|Any CPU
		{B6330FFD-F1A3-453C-A9EE-C6D01774E1F9}.Ad-Hoc|iPhone.Build.0 = Release|Any CPU
		{B6330FFD-F1A3-453C-A9EE-C6D01774E1F9}.Ad-Hoc|iPhoneSimulator.ActiveCfg = Release|Any CPU
		{B6330FFD-F1A3-453C-A9EE-C6D01774E1F9}.Ad-Hoc|iPhoneSimulator.Build.0 = Release|Any CPU
		{B6330FFD-F1A3-453C-A9EE-C6D01774E1F9}.Ad-Hoc|x64.ActiveCfg = Release|Any CPU
		{B6330FFD-F1A3-453C-A9EE-C6D01774E1F9}.Ad-Hoc|x64.Build.0 = Release|Any CPU
		{B6330FFD-F1A3-453C-A9EE-C6D01774E1F9}.Ad-Hoc|x86.ActiveCfg = Release|Any CPU
		{B6330FFD-F1A3-453C-A9EE-C6D01774E1F9}.Ad-Hoc|x86.Build.0 = Release|Any CPU
		{B6330FFD-F1A3-453C-A9EE-C6D01774E1F9}.AppStore|Any CPU.ActiveCfg = Release|Any CPU
		{B6330FFD-F1A3-453C-A9EE-C6D01774E1F9}.AppStore|Any CPU.Build.0 = Release|Any CPU
		{B6330FFD-F1A3-453C-A9EE-C6D01774E1F9}.AppStore|ARM.ActiveCfg = Release|Any CPU
		{B6330FFD-F1A3-453C-A9EE-C6D01774E1F9}.AppStore|ARM.Build.0 = Release|Any CPU
		{B6330FFD-F1A3-453C-A9EE-C6D01774E1F9}.AppStore|iPhone.ActiveCfg = Release|Any CPU
		{B6330FFD-F1A3-453C-A9EE-C6D01774E1F9}.AppStore|iPhone.Build.0 = Release|Any CPU
		{B6330FFD-F1A3-453C-A9EE-C6D01774E1F9}.AppStore|iPhoneSimulator.ActiveCfg = Release|Any CPU
		{B6330FFD-F1A3-453C-A9EE-C6D01774E1F9}.AppStore|iPhoneSimulator.Build.0 = Release|Any CPU
		{B6330FFD-F1A3-453C-A9EE-C6D01774E1F9}.AppStore|x64.ActiveCfg = Release|Any CPU
		{B6330FFD-F1A3-453C-A9EE-C6D01774E1F9}.AppStore|x64.Build.0 = Release|Any CPU
		{B6330FFD-F1A3-453C-A9EE-C6D01774E1F9}.AppStore|x86.ActiveCfg = Release|Any CPU
		{B6330FFD-F1A3-453C-A9EE-C6D01774E1F9}.AppStore|x86.Build.0 = Release|Any CPU
		{B6330FFD-F1A3-453C-A9EE-C6D01774E1F9}.Debug|Any CPU.ActiveCfg = Debug|Any CPU
		{B6330FFD-F1A3-453C-A9EE-C6D01774E1F9}.Debug|Any CPU.Build.0 = Debug|Any CPU
		{B6330FFD-F1A3-453C-A9EE-C6D01774E1F9}.Debug|ARM.ActiveCfg = Debug|Any CPU
		{B6330FFD-F1A3-453C-A9EE-C6D01774E1F9}.Debug|ARM.Build.0 = Debug|Any CPU
		{B6330FFD-F1A3-453C-A9EE-C6D01774E1F9}.Debug|iPhone.ActiveCfg = Debug|Any CPU
		{B6330FFD-F1A3-453C-A9EE-C6D01774E1F9}.Debug|iPhone.Build.0 = Debug|Any CPU
		{B6330FFD-F1A3-453C-A9EE-C6D01774E1F9}.Debug|iPhoneSimulator.ActiveCfg = Debug|Any CPU
		{B6330FFD-F1A3-453C-A9EE-C6D01774E1F9}.Debug|iPhoneSimulator.Build.0 = Debug|Any CPU
		{B6330FFD-F1A3-453C-A9EE-C6D01774E1F9}.Debug|x64.ActiveCfg = Debug|Any CPU
		{B6330FFD-F1A3-453C-A9EE-C6D01774E1F9}.Debug|x64.Build.0 = Debug|Any CPU
		{B6330FFD-F1A3-453C-A9EE-C6D01774E1F9}.Debug|x86.ActiveCfg = Debug|Any CPU
		{B6330FFD-F1A3-453C-A9EE-C6D01774E1F9}.Debug|x86.Build.0 = Debug|Any CPU
		{B6330FFD-F1A3-453C-A9EE-C6D01774E1F9}.Release|Any CPU.ActiveCfg = Release|Any CPU
		{B6330FFD-F1A3-453C-A9EE-C6D01774E1F9}.Release|Any CPU.Build.0 = Release|Any CPU
		{B6330FFD-F1A3-453C-A9EE-C6D01774E1F9}.Release|ARM.ActiveCfg = Release|Any CPU
		{B6330FFD-F1A3-453C-A9EE-C6D01774E1F9}.Release|ARM.Build.0 = Release|Any CPU
		{B6330FFD-F1A3-453C-A9EE-C6D01774E1F9}.Release|iPhone.ActiveCfg = Release|Any CPU
		{B6330FFD-F1A3-453C-A9EE-C6D01774E1F9}.Release|iPhone.Build.0 = Release|Any CPU
		{B6330FFD-F1A3-453C-A9EE-C6D01774E1F9}.Release|iPhoneSimulator.ActiveCfg = Release|Any CPU
		{B6330FFD-F1A3-453C-A9EE-C6D01774E1F9}.Release|iPhoneSimulator.Build.0 = Release|Any CPU
		{B6330FFD-F1A3-453C-A9EE-C6D01774E1F9}.Release|x64.ActiveCfg = Release|Any CPU
		{B6330FFD-F1A3-453C-A9EE-C6D01774E1F9}.Release|x64.Build.0 = Release|Any CPU
		{B6330FFD-F1A3-453C-A9EE-C6D01774E1F9}.Release|x86.ActiveCfg = Release|Any CPU
		{B6330FFD-F1A3-453C-A9EE-C6D01774E1F9}.Release|x86.Build.0 = Release|Any CPU
		{6E136A86-D6F6-41BB-B8E2-B7718ADFE06B}.Ad-Hoc|Any CPU.ActiveCfg = Release|Any CPU
		{6E136A86-D6F6-41BB-B8E2-B7718ADFE06B}.Ad-Hoc|Any CPU.Build.0 = Release|Any CPU
		{6E136A86-D6F6-41BB-B8E2-B7718ADFE06B}.Ad-Hoc|ARM.ActiveCfg = Release|Any CPU
		{6E136A86-D6F6-41BB-B8E2-B7718ADFE06B}.Ad-Hoc|ARM.Build.0 = Release|Any CPU
		{6E136A86-D6F6-41BB-B8E2-B7718ADFE06B}.Ad-Hoc|iPhone.ActiveCfg = Release|Any CPU
		{6E136A86-D6F6-41BB-B8E2-B7718ADFE06B}.Ad-Hoc|iPhone.Build.0 = Release|Any CPU
		{6E136A86-D6F6-41BB-B8E2-B7718ADFE06B}.Ad-Hoc|iPhoneSimulator.ActiveCfg = Release|Any CPU
		{6E136A86-D6F6-41BB-B8E2-B7718ADFE06B}.Ad-Hoc|iPhoneSimulator.Build.0 = Release|Any CPU
		{6E136A86-D6F6-41BB-B8E2-B7718ADFE06B}.Ad-Hoc|x64.ActiveCfg = Release|Any CPU
		{6E136A86-D6F6-41BB-B8E2-B7718ADFE06B}.Ad-Hoc|x64.Build.0 = Release|Any CPU
		{6E136A86-D6F6-41BB-B8E2-B7718ADFE06B}.Ad-Hoc|x86.ActiveCfg = Release|Any CPU
		{6E136A86-D6F6-41BB-B8E2-B7718ADFE06B}.Ad-Hoc|x86.Build.0 = Release|Any CPU
		{6E136A86-D6F6-41BB-B8E2-B7718ADFE06B}.AppStore|Any CPU.ActiveCfg = Release|Any CPU
		{6E136A86-D6F6-41BB-B8E2-B7718ADFE06B}.AppStore|Any CPU.Build.0 = Release|Any CPU
		{6E136A86-D6F6-41BB-B8E2-B7718ADFE06B}.AppStore|ARM.ActiveCfg = Release|Any CPU
		{6E136A86-D6F6-41BB-B8E2-B7718ADFE06B}.AppStore|ARM.Build.0 = Release|Any CPU
		{6E136A86-D6F6-41BB-B8E2-B7718ADFE06B}.AppStore|iPhone.ActiveCfg = Release|Any CPU
		{6E136A86-D6F6-41BB-B8E2-B7718ADFE06B}.AppStore|iPhone.Build.0 = Release|Any CPU
		{6E136A86-D6F6-41BB-B8E2-B7718ADFE06B}.AppStore|iPhoneSimulator.ActiveCfg = Release|Any CPU
		{6E136A86-D6F6-41BB-B8E2-B7718ADFE06B}.AppStore|iPhoneSimulator.Build.0 = Release|Any CPU
		{6E136A86-D6F6-41BB-B8E2-B7718ADFE06B}.AppStore|x64.ActiveCfg = Release|Any CPU
		{6E136A86-D6F6-41BB-B8E2-B7718ADFE06B}.AppStore|x64.Build.0 = Release|Any CPU
		{6E136A86-D6F6-41BB-B8E2-B7718ADFE06B}.AppStore|x86.ActiveCfg = Release|Any CPU
		{6E136A86-D6F6-41BB-B8E2-B7718ADFE06B}.AppStore|x86.Build.0 = Release|Any CPU
		{6E136A86-D6F6-41BB-B8E2-B7718ADFE06B}.Debug|Any CPU.ActiveCfg = Debug|Any CPU
		{6E136A86-D6F6-41BB-B8E2-B7718ADFE06B}.Debug|Any CPU.Build.0 = Debug|Any CPU
		{6E136A86-D6F6-41BB-B8E2-B7718ADFE06B}.Debug|ARM.ActiveCfg = Debug|Any CPU
		{6E136A86-D6F6-41BB-B8E2-B7718ADFE06B}.Debug|ARM.Build.0 = Debug|Any CPU
		{6E136A86-D6F6-41BB-B8E2-B7718ADFE06B}.Debug|iPhone.ActiveCfg = Debug|Any CPU
		{6E136A86-D6F6-41BB-B8E2-B7718ADFE06B}.Debug|iPhone.Build.0 = Debug|Any CPU
		{6E136A86-D6F6-41BB-B8E2-B7718ADFE06B}.Debug|iPhoneSimulator.ActiveCfg = Debug|Any CPU
		{6E136A86-D6F6-41BB-B8E2-B7718ADFE06B}.Debug|iPhoneSimulator.Build.0 = Debug|Any CPU
		{6E136A86-D6F6-41BB-B8E2-B7718ADFE06B}.Debug|x64.ActiveCfg = Debug|Any CPU
		{6E136A86-D6F6-41BB-B8E2-B7718ADFE06B}.Debug|x64.Build.0 = Debug|Any CPU
		{6E136A86-D6F6-41BB-B8E2-B7718ADFE06B}.Debug|x86.ActiveCfg = Debug|Any CPU
		{6E136A86-D6F6-41BB-B8E2-B7718ADFE06B}.Debug|x86.Build.0 = Debug|Any CPU
		{6E136A86-D6F6-41BB-B8E2-B7718ADFE06B}.Release|Any CPU.ActiveCfg = Release|Any CPU
		{6E136A86-D6F6-41BB-B8E2-B7718ADFE06B}.Release|Any CPU.Build.0 = Release|Any CPU
		{6E136A86-D6F6-41BB-B8E2-B7718ADFE06B}.Release|ARM.ActiveCfg = Release|Any CPU
		{6E136A86-D6F6-41BB-B8E2-B7718ADFE06B}.Release|ARM.Build.0 = Release|Any CPU
		{6E136A86-D6F6-41BB-B8E2-B7718ADFE06B}.Release|iPhone.ActiveCfg = Release|Any CPU
		{6E136A86-D6F6-41BB-B8E2-B7718ADFE06B}.Release|iPhone.Build.0 = Release|Any CPU
		{6E136A86-D6F6-41BB-B8E2-B7718ADFE06B}.Release|iPhoneSimulator.ActiveCfg = Release|Any CPU
		{6E136A86-D6F6-41BB-B8E2-B7718ADFE06B}.Release|iPhoneSimulator.Build.0 = Release|Any CPU
		{6E136A86-D6F6-41BB-B8E2-B7718ADFE06B}.Release|x64.ActiveCfg = Release|Any CPU
		{6E136A86-D6F6-41BB-B8E2-B7718ADFE06B}.Release|x64.Build.0 = Release|Any CPU
		{6E136A86-D6F6-41BB-B8E2-B7718ADFE06B}.Release|x86.ActiveCfg = Release|Any CPU
		{6E136A86-D6F6-41BB-B8E2-B7718ADFE06B}.Release|x86.Build.0 = Release|Any CPU
		{D9D8B3DE-4FED-4C2B-92FE-A28C182CD950}.Ad-Hoc|Any CPU.ActiveCfg = Release|Any CPU
		{D9D8B3DE-4FED-4C2B-92FE-A28C182CD950}.Ad-Hoc|Any CPU.Build.0 = Release|Any CPU
		{D9D8B3DE-4FED-4C2B-92FE-A28C182CD950}.Ad-Hoc|ARM.ActiveCfg = Release|Any CPU
		{D9D8B3DE-4FED-4C2B-92FE-A28C182CD950}.Ad-Hoc|ARM.Build.0 = Release|Any CPU
		{D9D8B3DE-4FED-4C2B-92FE-A28C182CD950}.Ad-Hoc|iPhone.ActiveCfg = Release|Any CPU
		{D9D8B3DE-4FED-4C2B-92FE-A28C182CD950}.Ad-Hoc|iPhone.Build.0 = Release|Any CPU
		{D9D8B3DE-4FED-4C2B-92FE-A28C182CD950}.Ad-Hoc|iPhoneSimulator.ActiveCfg = Release|Any CPU
		{D9D8B3DE-4FED-4C2B-92FE-A28C182CD950}.Ad-Hoc|iPhoneSimulator.Build.0 = Release|Any CPU
		{D9D8B3DE-4FED-4C2B-92FE-A28C182CD950}.Ad-Hoc|x64.ActiveCfg = Release|Any CPU
		{D9D8B3DE-4FED-4C2B-92FE-A28C182CD950}.Ad-Hoc|x64.Build.0 = Release|Any CPU
		{D9D8B3DE-4FED-4C2B-92FE-A28C182CD950}.Ad-Hoc|x86.ActiveCfg = Release|Any CPU
		{D9D8B3DE-4FED-4C2B-92FE-A28C182CD950}.Ad-Hoc|x86.Build.0 = Release|Any CPU
		{D9D8B3DE-4FED-4C2B-92FE-A28C182CD950}.AppStore|Any CPU.ActiveCfg = Release|Any CPU
		{D9D8B3DE-4FED-4C2B-92FE-A28C182CD950}.AppStore|Any CPU.Build.0 = Release|Any CPU
		{D9D8B3DE-4FED-4C2B-92FE-A28C182CD950}.AppStore|ARM.ActiveCfg = Release|Any CPU
		{D9D8B3DE-4FED-4C2B-92FE-A28C182CD950}.AppStore|ARM.Build.0 = Release|Any CPU
		{D9D8B3DE-4FED-4C2B-92FE-A28C182CD950}.AppStore|iPhone.ActiveCfg = Release|Any CPU
		{D9D8B3DE-4FED-4C2B-92FE-A28C182CD950}.AppStore|iPhone.Build.0 = Release|Any CPU
		{D9D8B3DE-4FED-4C2B-92FE-A28C182CD950}.AppStore|iPhoneSimulator.ActiveCfg = Release|Any CPU
		{D9D8B3DE-4FED-4C2B-92FE-A28C182CD950}.AppStore|iPhoneSimulator.Build.0 = Release|Any CPU
		{D9D8B3DE-4FED-4C2B-92FE-A28C182CD950}.AppStore|x64.ActiveCfg = Release|Any CPU
		{D9D8B3DE-4FED-4C2B-92FE-A28C182CD950}.AppStore|x64.Build.0 = Release|Any CPU
		{D9D8B3DE-4FED-4C2B-92FE-A28C182CD950}.AppStore|x86.ActiveCfg = Release|Any CPU
		{D9D8B3DE-4FED-4C2B-92FE-A28C182CD950}.AppStore|x86.Build.0 = Release|Any CPU
		{D9D8B3DE-4FED-4C2B-92FE-A28C182CD950}.Debug|Any CPU.ActiveCfg = Debug|Any CPU
		{D9D8B3DE-4FED-4C2B-92FE-A28C182CD950}.Debug|Any CPU.Build.0 = Debug|Any CPU
		{D9D8B3DE-4FED-4C2B-92FE-A28C182CD950}.Debug|ARM.ActiveCfg = Debug|Any CPU
		{D9D8B3DE-4FED-4C2B-92FE-A28C182CD950}.Debug|ARM.Build.0 = Debug|Any CPU
		{D9D8B3DE-4FED-4C2B-92FE-A28C182CD950}.Debug|iPhone.ActiveCfg = Debug|Any CPU
		{D9D8B3DE-4FED-4C2B-92FE-A28C182CD950}.Debug|iPhone.Build.0 = Debug|Any CPU
		{D9D8B3DE-4FED-4C2B-92FE-A28C182CD950}.Debug|iPhoneSimulator.ActiveCfg = Debug|Any CPU
		{D9D8B3DE-4FED-4C2B-92FE-A28C182CD950}.Debug|iPhoneSimulator.Build.0 = Debug|Any CPU
		{D9D8B3DE-4FED-4C2B-92FE-A28C182CD950}.Debug|x64.ActiveCfg = Debug|Any CPU
		{D9D8B3DE-4FED-4C2B-92FE-A28C182CD950}.Debug|x64.Build.0 = Debug|Any CPU
		{D9D8B3DE-4FED-4C2B-92FE-A28C182CD950}.Debug|x86.ActiveCfg = Debug|Any CPU
		{D9D8B3DE-4FED-4C2B-92FE-A28C182CD950}.Debug|x86.Build.0 = Debug|Any CPU
		{D9D8B3DE-4FED-4C2B-92FE-A28C182CD950}.Release|Any CPU.ActiveCfg = Release|Any CPU
		{D9D8B3DE-4FED-4C2B-92FE-A28C182CD950}.Release|Any CPU.Build.0 = Release|Any CPU
		{D9D8B3DE-4FED-4C2B-92FE-A28C182CD950}.Release|ARM.ActiveCfg = Release|Any CPU
		{D9D8B3DE-4FED-4C2B-92FE-A28C182CD950}.Release|ARM.Build.0 = Release|Any CPU
		{D9D8B3DE-4FED-4C2B-92FE-A28C182CD950}.Release|iPhone.ActiveCfg = Release|Any CPU
		{D9D8B3DE-4FED-4C2B-92FE-A28C182CD950}.Release|iPhone.Build.0 = Release|Any CPU
		{D9D8B3DE-4FED-4C2B-92FE-A28C182CD950}.Release|iPhoneSimulator.ActiveCfg = Release|Any CPU
		{D9D8B3DE-4FED-4C2B-92FE-A28C182CD950}.Release|iPhoneSimulator.Build.0 = Release|Any CPU
		{D9D8B3DE-4FED-4C2B-92FE-A28C182CD950}.Release|x64.ActiveCfg = Release|Any CPU
		{D9D8B3DE-4FED-4C2B-92FE-A28C182CD950}.Release|x64.Build.0 = Release|Any CPU
		{D9D8B3DE-4FED-4C2B-92FE-A28C182CD950}.Release|x86.ActiveCfg = Release|Any CPU
		{D9D8B3DE-4FED-4C2B-92FE-A28C182CD950}.Release|x86.Build.0 = Release|Any CPU
	EndGlobalSection
	GlobalSection(SolutionProperties) = preSolution
		HideSolutionNode = FALSE
	EndGlobalSection
	GlobalSection(ExtensibilityGlobals) = postSolution
		SolutionGuid = {63A756A3-A6AB-40EE-B967-FD7E20795464}
	EndGlobalSection
EndGlobal
